
Microsoft Visual Studio Solution File, Format Version 12.00
# Visual Studio 15
VisualStudioVersion = 15.0.27428.2002
MinimumVisualStudioVersion = 10.0.40219.1
Project("{FAE04EC0-301F-11D3-BF4B-00C04F79EFBC}") = "teamproject", "teamproject\teamproject.csproj", "{CD4C67E9-1CFF-498D-A7E0-BA2F5FF4B11D}"
EndProject
Global
	GlobalSection(SolutionConfigurationPlatforms) = preSolution
		Debug|ARM = Debug|ARM
		Debug|x64 = Debug|x64
		Debug|x86 = Debug|x86
		Release|ARM = Release|ARM
		Release|x64 = Release|x64
		Release|x86 = Release|x86
	EndGlobalSection
	GlobalSection(ProjectConfigurationPlatforms) = postSolution
		{CD4C67E9-1CFF-498D-A7E0-BA2F5FF4B11D}.Debug|ARM.ActiveCfg = Debug|ARM
		{CD4C67E9-1CFF-498D-A7E0-BA2F5FF4B11D}.Debug|ARM.Build.0 = Debug|ARM
		{CD4C67E9-1CFF-498D-A7E0-BA2F5FF4B11D}.Debug|ARM.Deploy.0 = Debug|ARM
		{CD4C67E9-1CFF-498D-A7E0-BA2F5FF4B11D}.Debug|x64.ActiveCfg = Debug|x64
		{CD4C67E9-1CFF-498D-A7E0-BA2F5FF4B11D}.Debug|x64.Build.0 = Debug|x64
		{CD4C67E9-1CFF-498D-A7E0-BA2F5FF4B11D}.Debug|x64.Deploy.0 = Debug|x64
		{CD4C67E9-1CFF-498D-A7E0-BA2F5FF4B11D}.Debug|x86.ActiveCfg = Debug|x86
		{CD4C67E9-1CFF-498D-A7E0-BA2F5FF4B11D}.Debug|x86.Build.0 = Debug|x86
		{CD4C67E9-1CFF-498D-A7E0-BA2F5FF4B11D}.Debug|x86.Deploy.0 = Debug|x86
		{CD4C67E9-1CFF-498D-A7E0-BA2F5FF4B11D}.Release|ARM.ActiveCfg = Release|ARM
		{CD4C67E9-1CFF-498D-A7E0-BA2F5FF4B11D}.Release|ARM.Build.0 = Release|ARM
		{CD4C67E9-1CFF-498D-A7E0-BA2F5FF4B11D}.Release|ARM.Deploy.0 = Release|ARM
		{CD4C67E9-1CFF-498D-A7E0-BA2F5FF4B11D}.Release|x64.ActiveCfg = Release|x64
		{CD4C67E9-1CFF-498D-A7E0-BA2F5FF4B11D}.Release|x64.Build.0 = Release|x64
		{CD4C67E9-1CFF-498D-A7E0-BA2F5FF4B11D}.Release|x64.Deploy.0 = Release|x64
		{CD4C67E9-1CFF-498D-A7E0-BA2F5FF4B11D}.Release|x86.ActiveCfg = Release|x86
		{CD4C67E9-1CFF-498D-A7E0-BA2F5FF4B11D}.Release|x86.Build.0 = Release|x86
		{CD4C67E9-1CFF-498D-A7E0-BA2F5FF4B11D}.Release|x86.Deploy.0 = Release|x86
	EndGlobalSection
	GlobalSection(SolutionProperties) = preSolution
		HideSolutionNode = FALSE
	EndGlobalSection
	GlobalSection(ExtensibilityGlobals) = postSolution
		SolutionGuid = {3E185384-9B29-4A89-A218-56CDC5A19172}
	EndGlobalSection
EndGlobal
